%{
  "circuits_uart": {:hex, :circuits_uart, "1.5.5", "0cb6df39ab66bf712dd854d1da8fe9cdbe2fee245661bf6aef49031b43acdbf6", [:mix], [{:elixir_make, "~> 0.6", [hex: :elixir_make, repo: "hexpm", optional: false]}], "hexpm", "e688282b271d66cfe10c26e19fe3592202524532aaaebb3849ea26770ea52f5d"},
  "elixir_make": {:hex, :elixir_make, "0.9.0", "6484b3cd8c0cee58f09f05ecaf1a140a8c97670671a6a0e7ab4dc326c3109726", [:mix], [], "hexpm", "db23d4fd8b757462ad02f8aa73431a426fe6671c80b200d9710caf3d1dd0ffdb"},
  "poolboy": {:hex, :poolboy, "1.5.2", "392b007a1693a64540cead79830443abf5762f5d30cf50bc95cb2c1aaafa006b", [:rebar3], [], "hexpm", "dad79704ce5440f3d5a3681c8590b9dc25d1a561e8f5a9c995281012860901e3"},
  "xmavlink": {:hex, :xmavlink, "0.4.3", "31552e4ebbaddeb165213fb5a745a5b28fe29e10c8027d86a6db836b1927de24", [:mix], [{:circuits_uart, "~> 1.5", [hex: :circuits_uart, repo: "hexpm", optional: false]}, {:poolboy, "~> 1.5", [hex: :poolboy, repo: "hexpm", optional: false]}], "hexpm", "cfbf8728e57b66da0801c018d911b98e126340b279691579aff2ade4e4014ec9"},
  "xmavlink_util": {:hex, :xmavlink_util, "0.4.3", "374154765f34b74e60fe2c23ef12ce8b6a9181e798e50795771f93ae5c663c8e", [:mix], [{:xmavlink, "~> 0.4.3", [hex: :xmavlink, repo: "hexpm", optional: false]}], "hexpm", "b7d6b71f83fd05a7808a37464bb2eb5237857cc55e6751ed2bd328eaa381cc31"},
}
